// !$*UTF8*$!
{
	archiveVersion = 1;
	classes = {
	};
	objectVersion = 51;
	objects = {

/* Begin PBXBuildFile section */
		2D7EAACB0E99825150FBA323 /* Pods_flixster_flixsterUITests.framework in Frameworks */ = {isa = PBXBuildFile; fileRef = 52E88CC18AB894589A4AA5AC /* Pods_flixster_flixsterUITests.framework */; };
		3F6641AB6F16C4E79785EE91 /* Pods_flixsterTests.framework in Frameworks */ = {isa = PBXBuildFile; fileRef = C87717B433A99919ACBB6A32 /* Pods_flixsterTests.framework */; };
		6917D56F25DC6DC100A4C404 /* MovieDetailsViewController.swift in Sources */ = {isa = PBXBuildFile; fileRef = 6917D56E25DC6DC100A4C404 /* MovieDetailsViewController.swift */; };
		691B5E3725E31EFF00B7E416 /* MovieGridViewController.swift in Sources */ = {isa = PBXBuildFile; fileRef = 691B5E3625E31EFF00B7E416 /* MovieGridViewController.swift */; };
		691B5E3F25E324C100B7E416 /* MovieGridCell.swift in Sources */ = {isa = PBXBuildFile; fileRef = 691B5E3E25E324C100B7E416 /* MovieGridCell.swift */; };
		697B05BD25D888F900C0A732 /* MovieCell.swift in Sources */ = {isa = PBXBuildFile; fileRef = 697B05BC25D888F900C0A732 /* MovieCell.swift */; };
		6997286825D86710006B243D /* MoviesViewController.swift in Sources */ = {isa = PBXBuildFile; fileRef = 6997286725D86710006B243D /* MoviesViewController.swift */; };
		69D17AFD25CC9D6C00CA9521 /* AppDelegate.swift in Sources */ = {isa = PBXBuildFile; fileRef = 69D17AFC25CC9D6C00CA9521 /* AppDelegate.swift */; };
		69D17AFF25CC9D6C00CA9521 /* SceneDelegate.swift in Sources */ = {isa = PBXBuildFile; fileRef = 69D17AFE25CC9D6C00CA9521 /* SceneDelegate.swift */; };
		69D17B0425CC9D6C00CA9521 /* Main.storyboard in Resources */ = {isa = PBXBuildFile; fileRef = 69D17B0225CC9D6C00CA9521 /* Main.storyboard */; };
		69D17B0625CC9D6E00CA9521 /* Assets.xcassets in Resources */ = {isa = PBXBuildFile; fileRef = 69D17B0525CC9D6E00CA9521 /* Assets.xcassets */; };
		69D17B0925CC9D6E00CA9521 /* LaunchScreen.storyboard in Resources */ = {isa = PBXBuildFile; fileRef = 69D17B0725CC9D6E00CA9521 /* LaunchScreen.storyboard */; };
		69D17B1425CC9D6E00CA9521 /* flixsterTests.swift in Sources */ = {isa = PBXBuildFile; fileRef = 69D17B1325CC9D6E00CA9521 /* flixsterTests.swift */; };
		69D17B1F25CC9D6E00CA9521 /* flixsterUITests.swift in Sources */ = {isa = PBXBuildFile; fileRef = 69D17B1E25CC9D6E00CA9521 /* flixsterUITests.swift */; };
		8C087F8AF7B961493D092FE8 /* Pods_flixster.framework in Frameworks */ = {isa = PBXBuildFile; fileRef = 08B7E2D87E84B400263E39F8 /* Pods_flixster.framework */; };
/* End PBXBuildFile section */

/* Begin PBXContainerItemProxy section */
		69D17B1025CC9D6E00CA9521 /* PBXContainerItemProxy */ = {
			isa = PBXContainerItemProxy;
			containerPortal = 69D17AF125CC9D6C00CA9521 /* Project object */;
			proxyType = 1;
			remoteGlobalIDString = 69D17AF825CC9D6C00CA9521;
			remoteInfo = flixster;
		};
		69D17B1B25CC9D6E00CA9521 /* PBXContainerItemProxy */ = {
			isa = PBXContainerItemProxy;
			containerPortal = 69D17AF125CC9D6C00CA9521 /* Project object */;
			proxyType = 1;
			remoteGlobalIDString = 69D17AF825CC9D6C00CA9521;
			remoteInfo = flixster;
		};
/* End PBXContainerItemProxy section */

/* Begin PBXFileReference section */
		08B7E2D87E84B400263E39F8 /* Pods_flixster.framework */ = {isa = PBXFileReference; explicitFileType = wrapper.framework; includeInIndex = 0; path = Pods_flixster.framework; sourceTree = BUILT_PRODUCTS_DIR; };
		52E88CC18AB894589A4AA5AC /* Pods_flixster_flixsterUITests.framework */ = {isa = PBXFileReference; explicitFileType = wrapper.framework; includeInIndex = 0; path = Pods_flixster_flixsterUITests.framework; sourceTree = BUILT_PRODUCTS_DIR; };
		6917D56E25DC6DC100A4C404 /* MovieDetailsViewController.swift */ = {isa = PBXFileReference; lastKnownFileType = sourcecode.swift; path = MovieDetailsViewController.swift; sourceTree = "<group>"; };
		691B5E3625E31EFF00B7E416 /* MovieGridViewController.swift */ = {isa = PBXFileReference; lastKnownFileType = sourcecode.swift; path = MovieGridViewController.swift; sourceTree = "<group>"; };
		691B5E3E25E324C100B7E416 /* MovieGridCell.swift */ = {isa = PBXFileReference; lastKnownFileType = sourcecode.swift; path = MovieGridCell.swift; sourceTree = "<group>"; };
		697B05BC25D888F900C0A732 /* MovieCell.swift */ = {isa = PBXFileReference; lastKnownFileType = sourcecode.swift; path = MovieCell.swift; sourceTree = "<group>"; };
		6997286725D86710006B243D /* MoviesViewController.swift */ = {isa = PBXFileReference; lastKnownFileType = sourcecode.swift; path = MoviesViewController.swift; sourceTree = "<group>"; };
		69D17AF925CC9D6C00CA9521 /* flixster.app */ = {isa = PBXFileReference; explicitFileType = wrapper.application; includeInIndex = 0; path = flixster.app; sourceTree = BUILT_PRODUCTS_DIR; };
		69D17AFC25CC9D6C00CA9521 /* AppDelegate.swift */ = {isa = PBXFileReference; lastKnownFileType = sourcecode.swift; path = AppDelegate.swift; sourceTree = "<group>"; };
		69D17AFE25CC9D6C00CA9521 /* SceneDelegate.swift */ = {isa = PBXFileReference; lastKnownFileType = sourcecode.swift; path = SceneDelegate.swift; sourceTree = "<group>"; };
		69D17B0325CC9D6C00CA9521 /* Base */ = {isa = PBXFileReference; lastKnownFileType = file.storyboard; name = Base; path = Base.lproj/Main.storyboard; sourceTree = "<group>"; };
		69D17B0525CC9D6E00CA9521 /* Assets.xcassets */ = {isa = PBXFileReference; lastKnownFileType = folder.assetcatalog; path = Assets.xcassets; sourceTree = "<group>"; };
		69D17B0825CC9D6E00CA9521 /* Base */ = {isa = PBXFileReference; lastKnownFileType = file.storyboard; name = Base; path = Base.lproj/LaunchScreen.storyboard; sourceTree = "<group>"; };
		69D17B0A25CC9D6E00CA9521 /* Info.plist */ = {isa = PBXFileReference; lastKnownFileType = text.plist.xml; path = Info.plist; sourceTree = "<group>"; };
		69D17B0F25CC9D6E00CA9521 /* flixsterTests.xctest */ = {isa = PBXFileReference; explicitFileType = wrapper.cfbundle; includeInIndex = 0; path = flixsterTests.xctest; sourceTree = BUILT_PRODUCTS_DIR; };
		69D17B1325CC9D6E00CA9521 /* flixsterTests.swift */ = {isa = PBXFileReference; lastKnownFileType = sourcecode.swift; path = flixsterTests.swift; sourceTree = "<group>"; };
		69D17B1525CC9D6E00CA9521 /* Info.plist */ = {isa = PBXFileReference; lastKnownFileType = text.plist.xml; path = Info.plist; sourceTree = "<group>"; };
		69D17B1A25CC9D6E00CA9521 /* flixsterUITests.xctest */ = {isa = PBXFileReference; explicitFileType = wrapper.cfbundle; includeInIndex = 0; path = flixsterUITests.xctest; sourceTree = BUILT_PRODUCTS_DIR; };
		69D17B1E25CC9D6E00CA9521 /* flixsterUITests.swift */ = {isa = PBXFileReference; lastKnownFileType = sourcecode.swift; path = flixsterUITests.swift; sourceTree = "<group>"; };
		69D17B2025CC9D6E00CA9521 /* Info.plist */ = {isa = PBXFileReference; lastKnownFileType = text.plist.xml; path = Info.plist; sourceTree = "<group>"; };
		8826C421FDB6977D62160789 /* Pods-flixsterTests.debug.xcconfig */ = {isa = PBXFileReference; includeInIndex = 1; lastKnownFileType = text.xcconfig; name = "Pods-flixsterTests.debug.xcconfig"; path = "Target Support Files/Pods-flixsterTests/Pods-flixsterTests.debug.xcconfig"; sourceTree = "<group>"; };
		B0B4C4A310AC200EAF7F88C1 /* Pods-flixster-flixsterUITests.debug.xcconfig */ = {isa = PBXFileReference; includeInIndex = 1; lastKnownFileType = text.xcconfig; name = "Pods-flixster-flixsterUITests.debug.xcconfig"; path = "Target Support Files/Pods-flixster-flixsterUITests/Pods-flixster-flixsterUITests.debug.xcconfig"; sourceTree = "<group>"; };
		C4E2E774D1DE070EE6B6A30B /* Pods-flixster.debug.xcconfig */ = {isa = PBXFileReference; includeInIndex = 1; lastKnownFileType = text.xcconfig; name = "Pods-flixster.debug.xcconfig"; path = "Target Support Files/Pods-flixster/Pods-flixster.debug.xcconfig"; sourceTree = "<group>"; };
		C87717B433A99919ACBB6A32 /* Pods_flixsterTests.framework */ = {isa = PBXFileReference; explicitFileType = wrapper.framework; includeInIndex = 0; path = Pods_flixsterTests.framework; sourceTree = BUILT_PRODUCTS_DIR; };
		CA55DD924A21B8A53546083F /* Pods-flixster-flixsterUITests.release.xcconfig */ = {isa = PBXFileReference; includeInIndex = 1; lastKnownFileType = text.xcconfig; name = "Pods-flixster-flixsterUITests.release.xcconfig"; path = "Target Support Files/Pods-flixster-flixsterUITests/Pods-flixster-flixsterUITests.release.xcconfig"; sourceTree = "<group>"; };
		DB0C1DC3EEC3235789197EE4 /* Pods-flixsterTests.release.xcconfig */ = {isa = PBXFileReference; includeInIndex = 1; lastKnownFileType = text.xcconfig; name = "Pods-flixsterTests.release.xcconfig"; path = "Target Support Files/Pods-flixsterTests/Pods-flixsterTests.release.xcconfig"; sourceTree = "<group>"; };
		ED41AACAC861D6670142EE4C /* Pods-flixster.release.xcconfig */ = {isa = PBXFileReference; includeInIndex = 1; lastKnownFileType = text.xcconfig; name = "Pods-flixster.release.xcconfig"; path = "Target Support Files/Pods-flixster/Pods-flixster.release.xcconfig"; sourceTree = "<group>"; };
/* End PBXFileReference section */

/* Begin PBXFrameworksBuildPhase section */
		69D17AF625CC9D6C00CA9521 /* Frameworks */ = {
			isa = PBXFrameworksBuildPhase;
			buildActionMask = 2147483647;
			files = (
				8C087F8AF7B961493D092FE8 /* Pods_flixster.framework in Frameworks */,
			);
			runOnlyForDeploymentPostprocessing = 0;
		};
		69D17B0C25CC9D6E00CA9521 /* Frameworks */ = {
			isa = PBXFrameworksBuildPhase;
			buildActionMask = 2147483647;
			files = (
				3F6641AB6F16C4E79785EE91 /* Pods_flixsterTests.framework in Frameworks */,
			);
			runOnlyForDeploymentPostprocessing = 0;
		};
		69D17B1725CC9D6E00CA9521 /* Frameworks */ = {
			isa = PBXFrameworksBuildPhase;
			buildActionMask = 2147483647;
			files = (
				2D7EAACB0E99825150FBA323 /* Pods_flixster_flixsterUITests.framework in Frameworks */,
			);
			runOnlyForDeploymentPostprocessing = 0;
		};
/* End PBXFrameworksBuildPhase section */

/* Begin PBXGroup section */
		5FDA5BA66497996F0900296F /* Frameworks */ = {
			isa = PBXGroup;
			children = (
				08B7E2D87E84B400263E39F8 /* Pods_flixster.framework */,
				52E88CC18AB894589A4AA5AC /* Pods_flixster_flixsterUITests.framework */,
				C87717B433A99919ACBB6A32 /* Pods_flixsterTests.framework */,
			);
			name = Frameworks;
			sourceTree = "<group>";
		};
		69D17AF025CC9D6C00CA9521 = {
			isa = PBXGroup;
			children = (
				69D17AFB25CC9D6C00CA9521 /* flixster */,
				69D17B1225CC9D6E00CA9521 /* flixsterTests */,
				69D17B1D25CC9D6E00CA9521 /* flixsterUITests */,
				69D17AFA25CC9D6C00CA9521 /* Products */,
				E3B994C32332A08970EE8927 /* Pods */,
				5FDA5BA66497996F0900296F /* Frameworks */,
			);
			sourceTree = "<group>";
		};
		69D17AFA25CC9D6C00CA9521 /* Products */ = {
			isa = PBXGroup;
			children = (
				69D17AF925CC9D6C00CA9521 /* flixster.app */,
				69D17B0F25CC9D6E00CA9521 /* flixsterTests.xctest */,
				69D17B1A25CC9D6E00CA9521 /* flixsterUITests.xctest */,
			);
			name = Products;
			sourceTree = "<group>";
		};
		69D17AFB25CC9D6C00CA9521 /* flixster */ = {
			isa = PBXGroup;
			children = (
				69D17AFC25CC9D6C00CA9521 /* AppDelegate.swift */,
				69D17AFE25CC9D6C00CA9521 /* SceneDelegate.swift */,
				69D17B0225CC9D6C00CA9521 /* Main.storyboard */,
				69D17B0525CC9D6E00CA9521 /* Assets.xcassets */,
				69D17B0725CC9D6E00CA9521 /* LaunchScreen.storyboard */,
				69D17B0A25CC9D6E00CA9521 /* Info.plist */,
				6997286725D86710006B243D /* MoviesViewController.swift */,
				697B05BC25D888F900C0A732 /* MovieCell.swift */,
				6917D56E25DC6DC100A4C404 /* MovieDetailsViewController.swift */,
				691B5E3625E31EFF00B7E416 /* MovieGridViewController.swift */,
				691B5E3E25E324C100B7E416 /* MovieGridCell.swift */,
			);
			path = flixster;
			sourceTree = "<group>";
		};
		69D17B1225CC9D6E00CA9521 /* flixsterTests */ = {
			isa = PBXGroup;
			children = (
				69D17B1325CC9D6E00CA9521 /* flixsterTests.swift */,
				69D17B1525CC9D6E00CA9521 /* Info.plist */,
			);
			path = flixsterTests;
			sourceTree = "<group>";
		};
		69D17B1D25CC9D6E00CA9521 /* flixsterUITests */ = {
			isa = PBXGroup;
			children = (
				69D17B1E25CC9D6E00CA9521 /* flixsterUITests.swift */,
				69D17B2025CC9D6E00CA9521 /* Info.plist */,
			);
			path = flixsterUITests;
			sourceTree = "<group>";
		};
		E3B994C32332A08970EE8927 /* Pods */ = {
			isa = PBXGroup;
			children = (
				C4E2E774D1DE070EE6B6A30B /* Pods-flixster.debug.xcconfig */,
				ED41AACAC861D6670142EE4C /* Pods-flixster.release.xcconfig */,
				B0B4C4A310AC200EAF7F88C1 /* Pods-flixster-flixsterUITests.debug.xcconfig */,
				CA55DD924A21B8A53546083F /* Pods-flixster-flixsterUITests.release.xcconfig */,
				8826C421FDB6977D62160789 /* Pods-flixsterTests.debug.xcconfig */,
				DB0C1DC3EEC3235789197EE4 /* Pods-flixsterTests.release.xcconfig */,
			);
			path = Pods;
			sourceTree = "<group>";
		};
/* End PBXGroup section */

/* Begin PBXNativeTarget section */
		69D17AF825CC9D6C00CA9521 /* flixster */ = {
			isa = PBXNativeTarget;
			buildConfigurationList = 69D17B2325CC9D6E00CA9521 /* Build configuration list for PBXNativeTarget "flixster" */;
			buildPhases = (
				D46CF4A8AEA8F974AE972423 /* [CP] Check Pods Manifest.lock */,
				69D17AF525CC9D6C00CA9521 /* Sources */,
				69D17AF625CC9D6C00CA9521 /* Frameworks */,
				69D17AF725CC9D6C00CA9521 /* Resources */,
				64597BF3192EF20647AB5283 /* [CP] Embed Pods Frameworks */,
			);
			buildRules = (
			);
			dependencies = (
			);
			name = flixster;
			productName = flixster;
			productReference = 69D17AF925CC9D6C00CA9521 /* flixster.app */;
			productType = "com.apple.product-type.application";
		};
		69D17B0E25CC9D6E00CA9521 /* flixsterTests */ = {
			isa = PBXNativeTarget;
			buildConfigurationList = 69D17B2625CC9D6E00CA9521 /* Build configuration list for PBXNativeTarget "flixsterTests" */;
			buildPhases = (
				16B27A2FB176A7D17D222050 /* [CP] Check Pods Manifest.lock */,
				69D17B0B25CC9D6E00CA9521 /* Sources */,
				69D17B0C25CC9D6E00CA9521 /* Frameworks */,
				69D17B0D25CC9D6E00CA9521 /* Resources */,
			);
			buildRules = (
			);
			dependencies = (
				69D17B1125CC9D6E00CA9521 /* PBXTargetDependency */,
			);
			name = flixsterTests;
			productName = flixsterTests;
			productReference = 69D17B0F25CC9D6E00CA9521 /* flixsterTests.xctest */;
			productType = "com.apple.product-type.bundle.unit-test";
		};
		69D17B1925CC9D6E00CA9521 /* flixsterUITests */ = {
			isa = PBXNativeTarget;
			buildConfigurationList = 69D17B2925CC9D6E00CA9521 /* Build configuration list for PBXNativeTarget "flixsterUITests" */;
			buildPhases = (
				9AC9F433466155A4885FA3B2 /* [CP] Check Pods Manifest.lock */,
				69D17B1625CC9D6E00CA9521 /* Sources */,
				69D17B1725CC9D6E00CA9521 /* Frameworks */,
				69D17B1825CC9D6E00CA9521 /* Resources */,
				86E491DAB8172B06209C52BF /* [CP] Embed Pods Frameworks */,
			);
			buildRules = (
			);
			dependencies = (
				69D17B1C25CC9D6E00CA9521 /* PBXTargetDependency */,
			);
			name = flixsterUITests;
			productName = flixsterUITests;
			productReference = 69D17B1A25CC9D6E00CA9521 /* flixsterUITests.xctest */;
			productType = "com.apple.product-type.bundle.ui-testing";
		};
/* End PBXNativeTarget section */

/* Begin PBXProject section */
		69D17AF125CC9D6C00CA9521 /* Project object */ = {
			isa = PBXProject;
			attributes = {
				LastSwiftUpdateCheck = 1240;
				LastUpgradeCheck = 1240;
				TargetAttributes = {
					69D17AF825CC9D6C00CA9521 = {
						CreatedOnToolsVersion = 12.4;
					};
					69D17B0E25CC9D6E00CA9521 = {
						CreatedOnToolsVersion = 12.4;
						TestTargetID = 69D17AF825CC9D6C00CA9521;
					};
					69D17B1925CC9D6E00CA9521 = {
						CreatedOnToolsVersion = 12.4;
						TestTargetID = 69D17AF825CC9D6C00CA9521;
					};
				};
			};
			buildConfigurationList = 69D17AF425CC9D6C00CA9521 /* Build configuration list for PBXProject "flixster" */;
			compatibilityVersion = "Xcode 9.3";
			developmentRegion = en;
			hasScannedForEncodings = 0;
			knownRegions = (
				en,
				Base,
			);
			mainGroup = 69D17AF025CC9D6C00CA9521;
			productRefGroup = 69D17AFA25CC9D6C00CA9521 /* Products */;
			projectDirPath = "";
			projectRoot = "";
			targets = (
				69D17AF825CC9D6C00CA9521 /* flixster */,
				69D17B0E25CC9D6E00CA9521 /* flixsterTests */,
				69D17B1925CC9D6E00CA9521 /* flixsterUITests */,
			);
		};
/* End PBXProject section */

/* Begin PBXResourcesBuildPhase section */
		69D17AF725CC9D6C00CA9521 /* Resources */ = {
			isa = PBXResourcesBuildPhase;
			buildActionMask = 2147483647;
			files = (
				69D17B0925CC9D6E00CA9521 /* LaunchScreen.storyboard in Resources */,
				69D17B0625CC9D6E00CA9521 /* Assets.xcassets in Resources */,
				69D17B0425CC9D6C00CA9521 /* Main.storyboard in Resources */,
			);
			runOnlyForDeploymentPostprocessing = 0;
		};
		69D17B0D25CC9D6E00CA9521 /* Resources */ = {
			isa = PBXResourcesBuildPhase;
			buildActionMask = 2147483647;
			files = (
			);
			runOnlyForDeploymentPostprocessing = 0;
		};
		69D17B1825CC9D6E00CA9521 /* Resources */ = {
			isa = PBXResourcesBuildPhase;
			buildActionMask = 2147483647;
			files = (
			);
			runOnlyForDeploymentPostprocessing = 0;
		};
/* End PBXResourcesBuildPhase section */

/* Begin PBXShellScriptBuildPhase section */
		16B27A2FB176A7D17D222050 /* [CP] Check Pods Manifest.lock */ = {
			isa = PBXShellScriptBuildPhase;
			buildActionMask = 2147483647;
			files = (
			);
			inputFileListPaths = (
			);
			inputPaths = (
				"${PODS_PODFILE_DIR_PATH}/Podfile.lock",
				"${PODS_ROOT}/Manifest.lock",
			);
			name = "[CP] Check Pods Manifest.lock";
			outputFileListPaths = (
			);
			outputPaths = (
				"$(DERIVED_FILE_DIR)/Pods-flixsterTests-checkManifestLockResult.txt",
			);
			runOnlyForDeploymentPostprocessing = 0;
			shellPath = /bin/sh;
			shellScript = "diff \"${PODS_PODFILE_DIR_PATH}/Podfile.lock\" \"${PODS_ROOT}/Manifest.lock\" > /dev/null\nif [ $? != 0 ] ; then\n    # print error to STDERR\n    echo \"error: The sandbox is not in sync with the Podfile.lock. Run 'pod install' or update your CocoaPods installation.\" >&2\n    exit 1\nfi\n# This output is used by Xcode 'outputs' to avoid re-running this script phase.\necho \"SUCCESS\" > \"${SCRIPT_OUTPUT_FILE_0}\"\n";
			showEnvVarsInLog = 0;
		};
		64597BF3192EF20647AB5283 /* [CP] Embed Pods Frameworks */ = {
			isa = PBXShellScriptBuildPhase;
			buildActionMask = 2147483647;
			files = (
			);
			inputFileListPaths = (
				"${PODS_ROOT}/Target Support Files/Pods-flixster/Pods-flixster-frameworks-${CONFIGURATION}-input-files.xcfilelist",
			);
			name = "[CP] Embed Pods Frameworks";
			outputFileListPaths = (
				"${PODS_ROOT}/Target Support Files/Pods-flixster/Pods-flixster-frameworks-${CONFIGURATION}-output-files.xcfilelist",
			);
			runOnlyForDeploymentPostprocessing = 0;
			shellPath = /bin/sh;
			shellScript = "\"${PODS_ROOT}/Target Support Files/Pods-flixster/Pods-flixster-frameworks.sh\"\n";
			showEnvVarsInLog = 0;
		};
		86E491DAB8172B06209C52BF /* [CP] Embed Pods Frameworks */ = {
			isa = PBXShellScriptBuildPhase;
			buildActionMask = 2147483647;
			files = (
			);
			inputFileListPaths = (
				"${PODS_ROOT}/Target Support Files/Pods-flixster-flixsterUITests/Pods-flixster-flixsterUITests-frameworks-${CONFIGURATION}-input-files.xcfilelist",
			);
			name = "[CP] Embed Pods Frameworks";
			outputFileListPaths = (
				"${PODS_ROOT}/Target Support Files/Pods-flixster-flixsterUITests/Pods-flixster-flixsterUITests-frameworks-${CONFIGURATION}-output-files.xcfilelist",
			);
			runOnlyForDeploymentPostprocessing = 0;
			shellPath = /bin/sh;
			shellScript = "\"${PODS_ROOT}/Target Support Files/Pods-flixster-flixsterUITests/Pods-flixster-flixsterUITests-frameworks.sh\"\n";
			showEnvVarsInLog = 0;
		};
		9AC9F433466155A4885FA3B2 /* [CP] Check Pods Manifest.lock */ = {
			isa = PBXShellScriptBuildPhase;
			buildActionMask = 2147483647;
			files = (
			);
			inputFileListPaths = (
			);
			inputPaths = (
				"${PODS_PODFILE_DIR_PATH}/Podfile.lock",
				"${PODS_ROOT}/Manifest.lock",
			);
			name = "[CP] Check Pods Manifest.lock";
			outputFileListPaths = (
			);
			outputPaths = (
				"$(DERIVED_FILE_DIR)/Pods-flixster-flixsterUITests-checkManifestLockResult.txt",
			);
			runOnlyForDeploymentPostprocessing = 0;
			shellPath = /bin/sh;
			shellScript = "diff \"${PODS_PODFILE_DIR_PATH}/Podfile.lock\" \"${PODS_ROOT}/Manifest.lock\" > /dev/null\nif [ $? != 0 ] ; then\n    # print error to STDERR\n    echo \"error: The sandbox is not in sync with the Podfile.lock. Run 'pod install' or update your CocoaPods installation.\" >&2\n    exit 1\nfi\n# This output is used by Xcode 'outputs' to avoid re-running this script phase.\necho \"SUCCESS\" > \"${SCRIPT_OUTPUT_FILE_0}\"\n";
			showEnvVarsInLog = 0;
		};
		D46CF4A8AEA8F974AE972423 /* [CP] Check Pods Manifest.lock */ = {
			isa = PBXShellScriptBuildPhase;
			buildActionMask = 2147483647;
			files = (
			);
			inputFileListPaths = (
			);
			inputPaths = (
				"${PODS_PODFILE_DIR_PATH}/Podfile.lock",
				"${PODS_ROOT}/Manifest.lock",
			);
			name = "[CP] Check Pods Manifest.lock";
			outputFileListPaths = (
			);
			outputPaths = (
				"$(DERIVED_FILE_DIR)/Pods-flixster-checkManifestLockResult.txt",
			);
			runOnlyForDeploymentPostprocessing = 0;
			shellPath = /bin/sh;
			shellScript = "diff \"${PODS_PODFILE_DIR_PATH}/Podfile.lock\" \"${PODS_ROOT}/Manifest.lock\" > /dev/null\nif [ $? != 0 ] ; then\n    # print error to STDERR\n    echo \"error: The sandbox is not in sync with the Podfile.lock. Run 'pod install' or update your CocoaPods installation.\" >&2\n    exit 1\nfi\n# This output is used by Xcode 'outputs' to avoid re-running this script phase.\necho \"SUCCESS\" > \"${SCRIPT_OUTPUT_FILE_0}\"\n";
			showEnvVarsInLog = 0;
		};
/* End PBXShellScriptBuildPhase section */

/* Begin PBXSourcesBuildPhase section */
		69D17AF525CC9D6C00CA9521 /* Sources */ = {
			isa = PBXSourcesBuildPhase;
			buildActionMask = 2147483647;
			files = (
				6917D56F25DC6DC100A4C404 /* MovieDetailsViewController.swift in Sources */,
				69D17AFD25CC9D6C00CA9521 /* AppDelegate.swift in Sources */,
				69D17AFF25CC9D6C00CA9521 /* SceneDelegate.swift in Sources */,
				697B05BD25D888F900C0A732 /* MovieCell.swift in Sources */,
				6997286825D86710006B243D /* MoviesViewController.swift in Sources */,
				691B5E3725E31EFF00B7E416 /* MovieGridViewController.swift in Sources */,
				691B5E3F25E324C100B7E416 /* MovieGridCell.swift in Sources */,
			);
			runOnlyForDeploymentPostprocessing = 0;
		};
		69D17B0B25CC9D6E00CA9521 /* Sources */ = {
			isa = PBXSourcesBuildPhase;
			buildActionMask = 2147483647;
			files = (
				69D17B1425CC9D6E00CA9521 /* flixsterTests.swift in Sources */,
			);
			runOnlyForDeploymentPostprocessing = 0;
		};
		69D17B1625CC9D6E00CA9521 /* Sources */ = {
			isa = PBXSourcesBuildPhase;
			buildActionMask = 2147483647;
			files = (
				69D17B1F25CC9D6E00CA9521 /* flixsterUITests.swift in Sources */,
			);
			runOnlyForDeploymentPostprocessing = 0;
		};
/* End PBXSourcesBuildPhase section */

/* Begin PBXTargetDependency section */
		69D17B1125CC9D6E00CA9521 /* PBXTargetDependency */ = {
			isa = PBXTargetDependency;
			target = 69D17AF825CC9D6C00CA9521 /* flixster */;
			targetProxy = 69D17B1025CC9D6E00CA9521 /* PBXContainerItemProxy */;
		};
		69D17B1C25CC9D6E00CA9521 /* PBXTargetDependency */ = {
			isa = PBXTargetDependency;
			target = 69D17AF825CC9D6C00CA9521 /* flixster */;
			targetProxy = 69D17B1B25CC9D6E00CA9521 /* PBXContainerItemProxy */;
		};
/* End PBXTargetDependency section */

/* Begin PBXVariantGroup section */
		69D17B0225CC9D6C00CA9521 /* Main.storyboard */ = {
			isa = PBXVariantGroup;
			children = (
				69D17B0325CC9D6C00CA9521 /* Base */,
			);
			name = Main.storyboard;
			sourceTree = "<group>";
		};
		69D17B0725CC9D6E00CA9521 /* LaunchScreen.storyboard */ = {
			isa = PBXVariantGroup;
			children = (
				69D17B0825CC9D6E00CA9521 /* Base */,
			);
			name = LaunchScreen.storyboard;
			sourceTree = "<group>";
		};
/* End PBXVariantGroup section */

/* Begin XCBuildConfiguration section */
		69D17B2125CC9D6E00CA9521 /* Debug */ = {
			isa = XCBuildConfiguration;
			buildSettings = {
				ALWAYS_SEARCH_USER_PATHS = NO;
				CLANG_ANALYZER_NONNULL = YES;
				CLANG_ANALYZER_NUMBER_OBJECT_CONVERSION = YES_AGGRESSIVE;
				CLANG_CXX_LANGUAGE_STANDARD = "gnu++14";
				CLANG_CXX_LIBRARY = "libc++";
				CLANG_ENABLE_MODULES = YES;
				CLANG_ENABLE_OBJC_ARC = YES;
				CLANG_ENABLE_OBJC_WEAK = YES;
				CLANG_WARN_BLOCK_CAPTURE_AUTORELEASING = YES;
				CLANG_WARN_BOOL_CONVERSION = YES;
				CLANG_WARN_COMMA = YES;
				CLANG_WARN_CONSTANT_CONVERSION = YES;
				CLANG_WARN_DEPRECATED_OBJC_IMPLEMENTATIONS = YES;
				CLANG_WARN_DIRECT_OBJC_ISA_USAGE = YES_ERROR;
				CLANG_WARN_DOCUMENTATION_COMMENTS = YES;
				CLANG_WARN_EMPTY_BODY = YES;
				CLANG_WARN_ENUM_CONVERSION = YES;
				CLANG_WARN_INFINITE_RECURSION = YES;
				CLANG_WARN_INT_CONVERSION = YES;
				CLANG_WARN_NON_LITERAL_NULL_CONVERSION = YES;
				CLANG_WARN_OBJC_IMPLICIT_RETAIN_SELF = YES;
				CLANG_WARN_OBJC_LITERAL_CONVERSION = YES;
				CLANG_WARN_OBJC_ROOT_CLASS = YES_ERROR;
				CLANG_WARN_QUOTED_INCLUDE_IN_FRAMEWORK_HEADER = YES;
				CLANG_WARN_RANGE_LOOP_ANALYSIS = YES;
				CLANG_WARN_STRICT_PROTOTYPES = YES;
				CLANG_WARN_SUSPICIOUS_MOVE = YES;
				CLANG_WARN_UNGUARDED_AVAILABILITY = YES_AGGRESSIVE;
				CLANG_WARN_UNREACHABLE_CODE = YES;
				CLANG_WARN__DUPLICATE_METHOD_MATCH = YES;
				COPY_PHASE_STRIP = NO;
				DEBUG_INFORMATION_FORMAT = dwarf;
				ENABLE_STRICT_OBJC_MSGSEND = YES;
				ENABLE_TESTABILITY = YES;
				GCC_C_LANGUAGE_STANDARD = gnu11;
				GCC_DYNAMIC_NO_PIC = NO;
				GCC_NO_COMMON_BLOCKS = YES;
				GCC_OPTIMIZATION_LEVEL = 0;
				GCC_PREPROCESSOR_DEFINITIONS = (
					"DEBUG=1",
					"$(inherited)",
				);
				GCC_WARN_64_TO_32_BIT_CONVERSION = YES;
				GCC_WARN_ABOUT_RETURN_TYPE = YES_ERROR;
				GCC_WARN_UNDECLARED_SELECTOR = YES;
				GCC_WARN_UNINITIALIZED_AUTOS = YES_AGGRESSIVE;
				GCC_WARN_UNUSED_FUNCTION = YES;
				GCC_WARN_UNUSED_VARIABLE = YES;
				IPHONEOS_DEPLOYMENT_TARGET = 14.4;
				MTL_ENABLE_DEBUG_INFO = INCLUDE_SOURCE;
				MTL_FAST_MATH = YES;
				ONLY_ACTIVE_ARCH = YES;
				SDKROOT = iphoneos;
				SWIFT_ACTIVE_COMPILATION_CONDITIONS = DEBUG;
				SWIFT_OPTIMIZATION_LEVEL = "-Onone";
			};
			name = Debug;
		};
		69D17B2225CC9D6E00CA9521 /* Release */ = {
			isa = XCBuildConfiguration;
			buildSettings = {
				ALWAYS_SEARCH_USER_PATHS = NO;
				CLANG_ANALYZER_NONNULL = YES;
				CLANG_ANALYZER_NUMBER_OBJECT_CONVERSION = YES_AGGRESSIVE;
				CLANG_CXX_LANGUAGE_STANDARD = "gnu++14";
				CLANG_CXX_LIBRARY = "libc++";
				CLANG_ENABLE_MODULES = YES;
				CLANG_ENABLE_OBJC_ARC = YES;
				CLANG_ENABLE_OBJC_WEAK = YES;
				CLANG_WARN_BLOCK_CAPTURE_AUTORELEASING = YES;
				CLANG_WARN_BOOL_CONVERSION = YES;
				CLANG_WARN_COMMA = YES;
				CLANG_WARN_CONSTANT_CONVERSION = YES;
				CLANG_WARN_DEPRECATED_OBJC_IMPLEMENTATIONS = YES;
				CLANG_WARN_DIRECT_OBJC_ISA_USAGE = YES_ERROR;
				CLANG_WARN_DOCUMENTATION_COMMENTS = YES;
				CLANG_WARN_EMPTY_BODY = YES;
				CLANG_WARN_ENUM_CONVERSION = YES;
				CLANG_WARN_INFINITE_RECURSION = YES;
				CLANG_WARN_INT_CONVERSION = YES;
				CLANG_WARN_NON_LITERAL_NULL_CONVERSION = YES;
				CLANG_WARN_OBJC_IMPLICIT_RETAIN_SELF = YES;
				CLANG_WARN_OBJC_LITERAL_CONVERSION = YES;
				CLANG_WARN_OBJC_ROOT_CLASS = YES_ERROR;
				CLANG_WARN_QUOTED_INCLUDE_IN_FRAMEWORK_HEADER = YES;
				CLANG_WARN_RANGE_LOOP_ANALYSIS = YES;
				CLANG_WARN_STRICT_PROTOTYPES = YES;
				CLANG_WARN_SUSPICIOUS_MOVE = YES;
				CLANG_WARN_UNGUARDED_AVAILABILITY = YES_AGGRESSIVE;
				CLANG_WARN_UNREACHABLE_CODE = YES;
				CLANG_WARN__DUPLICATE_METHOD_MATCH = YES;
				COPY_PHASE_STRIP = NO;
				DEBUG_INFORMATION_FORMAT = "dwarf-with-dsym";
				ENABLE_NS_ASSERTIONS = NO;
				ENABLE_STRICT_OBJC_MSGSEND = YES;
				GCC_C_LANGUAGE_STANDARD = gnu11;
				GCC_NO_COMMON_BLOCKS = YES;
				GCC_WARN_64_TO_32_BIT_CONVERSION = YES;
				GCC_WARN_ABOUT_RETURN_TYPE = YES_ERROR;
				GCC_WARN_UNDECLARED_SELECTOR = YES;
				GCC_WARN_UNINITIALIZED_AUTOS = YES_AGGRESSIVE;
				GCC_WARN_UNUSED_FUNCTION = YES;
				GCC_WARN_UNUSED_VARIABLE = YES;
				IPHONEOS_DEPLOYMENT_TARGET = 14.4;
				MTL_ENABLE_DEBUG_INFO = NO;
				MTL_FAST_MATH = YES;
				SDKROOT = iphoneos;
				SWIFT_COMPILATION_MODE = wholemodule;
				SWIFT_OPTIMIZATION_LEVEL = "-O";
				VALIDATE_PRODUCT = YES;
			};
			name = Release;
		};
		69D17B2425CC9D6E00CA9521 /* Debug */ = {
			isa = XCBuildConfiguration;
			baseConfigurationReference = C4E2E774D1DE070EE6B6A30B /* Pods-flixster.debug.xcconfig */;
			buildSettings = {
				ASSETCATALOG_COMPILER_APPICON_NAME = AppIcon;
				ASSETCATALOG_COMPILER_GLOBAL_ACCENT_COLOR_NAME = AccentColor;
				CODE_SIGN_STYLE = Automatic;
				INFOPLIST_FILE = flixster/Info.plist;
				LD_RUNPATH_SEARCH_PATHS = (
					"$(inherited)",
					"@executable_path/Frameworks",
				);
				PRODUCT_BUNDLE_IDENTIFIER = memo.com.flixster;
				PRODUCT_NAME = "$(TARGET_NAME)";
				SWIFT_VERSION = 5.0;
				TARGETED_DEVICE_FAMILY = "1,2";
			};
			name = Debug;
		};
		69D17B2525CC9D6E00CA9521 /* Release */ = {
			isa = XCBuildConfiguration;
			baseConfigurationReference = ED41AACAC861D6670142EE4C /* Pods-flixster.release.xcconfig */;
			buildSettings = {
				ASSETCATALOG_COMPILER_APPICON_NAME = AppIcon;
				ASSETCATALOG_COMPILER_GLOBAL_ACCENT_COLOR_NAME = AccentColor;
				CODE_SIGN_STYLE = Automatic;
				INFOPLIST_FILE = flixster/Info.plist;
				LD_RUNPATH_SEARCH_PATHS = (
					"$(inherited)",
					"@executable_path/Frameworks",
				);
				PRODUCT_BUNDLE_IDENTIFIER = memo.com.flixster;
				PRODUCT_NAME = "$(TARGET_NAME)";
				SWIFT_VERSION = 5.0;
				TARGETED_DEVICE_FAMILY = "1,2";
			};
			name = Release;
		};
		69D17B2725CC9D6E00CA9521 /* Debug */ = {
			isa = XCBuildConfiguration;
			baseConfigurationReference = 8826C421FDB6977D62160789 /* Pods-flixsterTests.debug.xcconfig */;
			buildSettings = {
				ALWAYS_EMBED_SWIFT_STANDARD_LIBRARIES = YES;
				BUNDLE_LOADER = "$(TEST_HOST)";
				CODE_SIGN_STYLE = Automatic;
				INFOPLIST_FILE = flixsterTests/Info.plist;
				IPHONEOS_DEPLOYMENT_TARGET = 14.4;
				LD_RUNPATH_SEARCH_PATHS = (
					"$(inherited)",
					"@executable_path/Frameworks",
					"@loader_path/Frameworks",
				);
				PRODUCT_BUNDLE_IDENTIFIER = memo.com.flixsterTests;
				PRODUCT_NAME = "$(TARGET_NAME)";
				SWIFT_VERSION = 5.0;
				TARGETED_DEVICE_FAMILY = "1,2";
				TEST_HOST = "$(BUILT_PRODUCTS_DIR)/flixster.app/flixster";
			};
			name = Debug;
		};
		69D17B2825CC9D6E00CA9521 /* Release */ = {
			isa = XCBuildConfiguration;
			baseConfigurationReference = DB0C1DC3EEC3235789197EE4 /* Pods-flixsterTests.release.xcconfig */;
			buildSettings = {
				ALWAYS_EMBED_SWIFT_STANDARD_LIBRARIES = YES;
				BUNDLE_LOADER = "$(TEST_HOST)";
				CODE_SIGN_STYLE = Automatic;
				INFOPLIST_FILE = flixsterTests/Info.plist;
				IPHONEOS_DEPLOYMENT_TARGET = 14.4;
				LD_RUNPATH_SEARCH_PATHS = (
					"$(inherited)",
					"@executable_path/Frameworks",
					"@loader_path/Frameworks",
				);
				PRODUCT_BUNDLE_IDENTIFIER = memo.com.flixsterTests;
				PRODUCT_NAME = "$(TARGET_NAME)";
				SWIFT_VERSION = 5.0;
				TARGETED_DEVICE_FAMILY = "1,2";
				TEST_HOST = "$(BUILT_PRODUCTS_DIR)/flixster.app/flixster";
			};
			name = Release;
		};
		69D17B2A25CC9D6E00CA9521 /* Debug */ = {
			isa = XCBuildConfiguration;
			baseConfigurationReference = B0B4C4A310AC200EAF7F88C1 /* Pods-flixster-flixsterUITests.debug.xcconfig */;
			buildSettings = {
				ALWAYS_EMBED_SWIFT_STANDARD_LIBRARIES = YES;
				CODE_SIGN_STYLE = Automatic;
				INFOPLIST_FILE = flixsterUITests/Info.plist;
				LD_RUNPATH_SEARCH_PATHS = (
					"$(inherited)",
					"@executable_path/Frameworks",
					"@loader_path/Frameworks",
				);
				PRODUCT_BUNDLE_IDENTIFIER = memo.com.flixsterUITests;
				PRODUCT_NAME = "$(TARGET_NAME)";
				SWIFT_VERSION = 5.0;
				TARGETED_DEVICE_FAMILY = "1,2";
				TEST_TARGET_NAME = flixster;
			};
			name = Debug;
		};
		69D17B2B25CC9D6E00CA9521 /* Release */ = {
			isa = XCBuildConfiguration;
			baseConfigurationReference = CA55DD924A21B8A53546083F /* Pods-flixster-flixsterUITests.release.xcconfig */;
			buildSettings = {
				ALWAYS_EMBED_SWIFT_STANDARD_LIBRARIES = YES;
				CODE_SIGN_STYLE = Automatic;
				INFOPLIST_FILE = flixsterUITests/Info.plist;
				LD_RUNPATH_SEARCH_PATHS = (
					"$(inherited)",
					"@executable_path/Frameworks",
					"@loader_path/Frameworks",
				);
				PRODUCT_BUNDLE_IDENTIFIER = memo.com.flixsterUITests;
				PRODUCT_NAME = "$(TARGET_NAME)";
				SWIFT_VERSION = 5.0;
				TARGETED_DEVICE_FAMILY = "1,2";
				TEST_TARGET_NAME = flixster;
			};
			name = Release;
		};
/* End XCBuildConfiguration section */

/* Begin XCConfigurationList section */
		69D17AF425CC9D6C00CA9521 /* Build configuration list for PBXProject "flixster" */ = {
			isa = XCConfigurationList;
			buildConfigurations = (
				69D17B2125CC9D6E00CA9521 /* Debug */,
				69D17B2225CC9D6E00CA9521 /* Release */,
			);
			defaultConfigurationIsVisible = 0;
			defaultConfigurationName = Release;
		};
		69D17B2325CC9D6E00CA9521 /* Build configuration list for PBXNativeTarget "flixster" */ = {
			isa = XCConfigurationList;
			buildConfigurations = (
				69D17B2425CC9D6E00CA9521 /* Debug */,
				69D17B2525CC9D6E00CA9521 /* Release */,
			);
			defaultConfigurationIsVisible = 0;
			defaultConfigurationName = Release;
		};
		69D17B2625CC9D6E00CA9521 /* Build configuration list for PBXNativeTarget "flixsterTests" */ = {
			isa = XCConfigurationList;
			buildConfigurations = (
				69D17B2725CC9D6E00CA9521 /* Debug */,
				69D17B2825CC9D6E00CA9521 /* Release */,
			);
			defaultConfigurationIsVisible = 0;
			defaultConfigurationName = Release;
		};
		69D17B2925CC9D6E00CA9521 /* Build configuration list for PBXNativeTarget "flixsterUITests" */ = {
			isa = XCConfigurationList;
			buildConfigurations = (
				69D17B2A25CC9D6E00CA9521 /* Debug */,
				69D17B2B25CC9D6E00CA9521 /* Release */,
			);
			defaultConfigurationIsVisible = 0;
			defaultConfigurationName = Release;
		};
/* End XCConfigurationList section */
	};
	rootObject = 69D17AF125CC9D6C00CA9521 /* Project object */;
}
